// !$*UTF8*$!
{
	archiveVersion = 1;
	classes = {
	};
	objectVersion = 50;
	objects = {

/* Begin PBXBuildFile section */
		FEDCBDEE265C8A3E005DDA09 /* AppDelegate.m in Sources */ = {isa = PBXBuildFile; fileRef = FEDCBDED265C8A3E005DDA09 /* AppDelegate.m */; };
		FEDCBDF1265C8A3E005DDA09 /* SceneDelegate.m in Sources */ = {isa = PBXBuildFile; fileRef = FEDCBDF0265C8A3E005DDA09 /* SceneDelegate.m */; };
		FEDCBDF4265C8A3E005DDA09 /* ViewController.m in Sources */ = {isa = PBXBuildFile; fileRef = FEDCBDF3265C8A3E005DDA09 /* ViewController.m */; };
		FEDCBDF7265C8A3E005DDA09 /* Main.storyboard in Resources */ = {isa = PBXBuildFile; fileRef = FEDCBDF5265C8A3E005DDA09 /* Main.storyboard */; };
		FEDCBDF9265C8A41005DDA09 /* Assets.xcassets in Resources */ = {isa = PBXBuildFile; fileRef = FEDCBDF8265C8A41005DDA09 /* Assets.xcassets */; };
		FEDCBDFC265C8A41005DDA09 /* LaunchScreen.storyboard in Resources */ = {isa = PBXBuildFile; fileRef = FEDCBDFA265C8A41005DDA09 /* LaunchScreen.storyboard */; };
		FEDCBDFF265C8A41005DDA09 /* main.m in Sources */ = {isa = PBXBuildFile; fileRef = FEDCBDFE265C8A41005DDA09 /* main.m */; };
		FEDCBE09265C8A41005DDA09 /* Demo1Tests.m in Sources */ = {isa = PBXBuildFile; fileRef = FEDCBE08265C8A41005DDA09 /* Demo1Tests.m */; };
		FEDCBE14265C8A41005DDA09 /* Demo1UITests.m in Sources */ = {isa = PBXBuildFile; fileRef = FEDCBE13265C8A41005DDA09 /* Demo1UITests.m */; };
/* End PBXBuildFile section */

/* Begin PBXContainerItemProxy section */
		FEDCBE05265C8A41005DDA09 /* PBXContainerItemProxy */ = {
			isa = PBXContainerItemProxy;
			containerPortal = FEDCBDE1265C8A3E005DDA09 /* Project object */;
			proxyType = 1;
			remoteGlobalIDString = FEDCBDE8265C8A3E005DDA09;
			remoteInfo = Demo1;
		};
		FEDCBE10265C8A41005DDA09 /* PBXContainerItemProxy */ = {
			isa = PBXContainerItemProxy;
			containerPortal = FEDCBDE1265C8A3E005DDA09 /* Project object */;
			proxyType = 1;
			remoteGlobalIDString = FEDCBDE8265C8A3E005DDA09;
			remoteInfo = Demo1;
		};
/* End PBXContainerItemProxy section */

/* Begin PBXFileReference section */
		FEDCBDE9265C8A3E005DDA09 /* Demo1.app */ = {isa = PBXFileReference; explicitFileType = wrapper.application; includeInIndex = 0; path = Demo1.app; sourceTree = BUILT_PRODUCTS_DIR; };
		FEDCBDEC265C8A3E005DDA09 /* AppDelegate.h */ = {isa = PBXFileReference; lastKnownFileType = sourcecode.c.h; path = AppDelegate.h; sourceTree = "<group>"; };
		FEDCBDED265C8A3E005DDA09 /* AppDelegate.m */ = {isa = PBXFileReference; lastKnownFileType = sourcecode.c.objc; path = AppDelegate.m; sourceTree = "<group>"; };
		FEDCBDEF265C8A3E005DDA09 /* SceneDelegate.h */ = {isa = PBXFileReference; lastKnownFileType = sourcecode.c.h; path = SceneDelegate.h; sourceTree = "<group>"; };
		FEDCBDF0265C8A3E005DDA09 /* SceneDelegate.m */ = {isa = PBXFileReference; lastKnownFileType = sourcecode.c.objc; path = SceneDelegate.m; sourceTree = "<group>"; };
		FEDCBDF2265C8A3E005DDA09 /* ViewController.h */ = {isa = PBXFileReference; lastKnownFileType = sourcecode.c.h; path = ViewController.h; sourceTree = "<group>"; };
		FEDCBDF3265C8A3E005DDA09 /* ViewController.m */ = {isa = PBXFileReference; lastKnownFileType = sourcecode.c.objc; path = ViewController.m; sourceTree = "<group>"; };
		FEDCBDF6265C8A3E005DDA09 /* Base */ = {isa = PBXFileReference; lastKnownFileType = file.storyboard; name = Base; path = Base.lproj/Main.storyboard; sourceTree = "<group>"; };
		FEDCBDF8265C8A41005DDA09 /* Assets.xcassets */ = {isa = PBXFileReference; lastKnownFileType = folder.assetcatalog; path = Assets.xcassets; sourceTree = "<group>"; };
		FEDCBDFB265C8A41005DDA09 /* Base */ = {isa = PBXFileReference; lastKnownFileType = file.storyboard; name = Base; path = Base.lproj/LaunchScreen.storyboard; sourceTree = "<group>"; };
		FEDCBDFD265C8A41005DDA09 /* Info.plist */ = {isa = PBXFileReference; lastKnownFileType = text.plist.xml; path = Info.plist; sourceTree = "<group>"; };
		FEDCBDFE265C8A41005DDA09 /* main.m */ = {isa = PBXFileReference; lastKnownFileType = sourcecode.c.objc; path = main.m; sourceTree = "<group>"; };
		FEDCBE04265C8A41005DDA09 /* Demo1Tests.xctest */ = {isa = PBXFileReference; explicitFileType = wrapper.cfbundle; includeInIndex = 0; path = Demo1Tests.xctest; sourceTree = BUILT_PRODUCTS_DIR; };
		FEDCBE08265C8A41005DDA09 /* Demo1Tests.m */ = {isa = PBXFileReference; lastKnownFileType = sourcecode.c.objc; path = Demo1Tests.m; sourceTree = "<group>"; };
		FEDCBE0A265C8A41005DDA09 /* Info.plist */ = {isa = PBXFileReference; lastKnownFileType = text.plist.xml; path = Info.plist; sourceTree = "<group>"; };
		FEDCBE0F265C8A41005DDA09 /* Demo1UITests.xctest */ = {isa = PBXFileReference; explicitFileType = wrapper.cfbundle; includeInIndex = 0; path = Demo1UITests.xctest; sourceTree = BUILT_PRODUCTS_DIR; };
		FEDCBE13265C8A41005DDA09 /* Demo1UITests.m */ = {isa = PBXFileReference; lastKnownFileType = sourcecode.c.objc; path = Demo1UITests.m; sourceTree = "<group>"; };
		FEDCBE15265C8A41005DDA09 /* Info.plist */ = {isa = PBXFileReference; lastKnownFileType = text.plist.xml; path = Info.plist; sourceTree = "<group>"; };
/* End PBXFileReference section */

/* Begin PBXFrameworksBuildPhase section */
		FEDCBDE6265C8A3E005DDA09 /* Frameworks */ = {
			isa = PBXFrameworksBuildPhase;
			buildActionMask = 2147483647;
			files = (
			);
			runOnlyForDeploymentPostprocessing = 0;
		};
		FEDCBE01265C8A41005DDA09 /* Frameworks */ = {
			isa = PBXFrameworksBuildPhase;
			buildActionMask = 2147483647;
			files = (
			);
			runOnlyForDeploymentPostprocessing = 0;
		};
		FEDCBE0C265C8A41005DDA09 /* Frameworks */ = {
			isa = PBXFrameworksBuildPhase;
			buildActionMask = 2147483647;
			files = (
			);
			runOnlyForDeploymentPostprocessing = 0;
		};
/* End PBXFrameworksBuildPhase section */

/* Begin PBXGroup section */
		FEDCBDE0265C8A3E005DDA09 = {
			isa = PBXGroup;
			children = (
				FEDCBDEB265C8A3E005DDA09 /* Demo1 */,
				FEDCBE07265C8A41005DDA09 /* Demo1Tests */,
				FEDCBE12265C8A41005DDA09 /* Demo1UITests */,
				FEDCBDEA265C8A3E005DDA09 /* Products */,
			);
			sourceTree = "<group>";
		};
		FEDCBDEA265C8A3E005DDA09 /* Products */ = {
			isa = PBXGroup;
			children = (
				FEDCBDE9265C8A3E005DDA09 /* Demo1.app */,
				FEDCBE04265C8A41005DDA09 /* Demo1Tests.xctest */,
				FEDCBE0F265C8A41005DDA09 /* Demo1UITests.xctest */,
			);
			name = Products;
			sourceTree = "<group>";
		};
		FEDCBDEB265C8A3E005DDA09 /* Demo1 */ = {
			isa = PBXGroup;
			children = (
				FEDCBDEC265C8A3E005DDA09 /* AppDelegate.h */,
				FEDCBDED265C8A3E005DDA09 /* AppDelegate.m */,
				FEDCBDEF265C8A3E005DDA09 /* SceneDelegate.h */,
				FEDCBDF0265C8A3E005DDA09 /* SceneDelegate.m */,
				FEDCBDF2265C8A3E005DDA09 /* ViewController.h */,
				FEDCBDF3265C8A3E005DDA09 /* ViewController.m */,
				FEDCBDF5265C8A3E005DDA09 /* Main.storyboard */,
				FEDCBDF8265C8A41005DDA09 /* Assets.xcassets */,
				FEDCBDFA265C8A41005DDA09 /* LaunchScreen.storyboard */,
				FEDCBDFD265C8A41005DDA09 /* Info.plist */,
				FEDCBDFE265C8A41005DDA09 /* main.m */,
			);
			path = Demo1;
			sourceTree = "<group>";
		};
		FEDCBE07265C8A41005DDA09 /* Demo1Tests */ = {
			isa = PBXGroup;
			children = (
				FEDCBE08265C8A41005DDA09 /* Demo1Tests.m */,
				FEDCBE0A265C8A41005DDA09 /* Info.plist */,
			);
			path = Demo1Tests;
			sourceTree = "<group>";
		};
		FEDCBE12265C8A41005DDA09 /* Demo1UITests */ = {
			isa = PBXGroup;
			children = (
				FEDCBE13265C8A41005DDA09 /* Demo1UITests.m */,
				FEDCBE15265C8A41005DDA09 /* Info.plist */,
			);
			path = Demo1UITests;
			sourceTree = "<group>";
		};
/* End PBXGroup section */

/* Begin PBXNativeTarget section */
		FEDCBDE8265C8A3E005DDA09 /* Demo1 */ = {
			isa = PBXNativeTarget;
			buildConfigurationList = FEDCBE18265C8A41005DDA09 /* Build configuration list for PBXNativeTarget "Demo1" */;
			buildPhases = (
				FEDCBDE5265C8A3E005DDA09 /* Sources */,
				FEDCBDE6265C8A3E005DDA09 /* Frameworks */,
				FEDCBDE7265C8A3E005DDA09 /* Resources */,
			);
			buildRules = (
			);
			dependencies = (
			);
			name = Demo1;
			productName = Demo1;
			productReference = FEDCBDE9265C8A3E005DDA09 /* Demo1.app */;
			productType = "com.apple.product-type.application";
		};
		FEDCBE03265C8A41005DDA09 /* Demo1Tests */ = {
			isa = PBXNativeTarget;
			buildConfigurationList = FEDCBE1B265C8A41005DDA09 /* Build configuration list for PBXNativeTarget "Demo1Tests" */;
			buildPhases = (
				FEDCBE00265C8A41005DDA09 /* Sources */,
				FEDCBE01265C8A41005DDA09 /* Frameworks */,
				FEDCBE02265C8A41005DDA09 /* Resources */,
			);
			buildRules = (
			);
			dependencies = (
				FEDCBE06265C8A41005DDA09 /* PBXTargetDependency */,
			);
			name = Demo1Tests;
			productName = Demo1Tests;
			productReference = FEDCBE04265C8A41005DDA09 /* Demo1Tests.xctest */;
			productType = "com.apple.product-type.bundle.unit-test";
		};
		FEDCBE0E265C8A41005DDA09 /* Demo1UITests */ = {
			isa = PBXNativeTarget;
			buildConfigurationList = FEDCBE1E265C8A41005DDA09 /* Build configuration list for PBXNativeTarget "Demo1UITests" */;
			buildPhases = (
				FEDCBE0B265C8A41005DDA09 /* Sources */,
				FEDCBE0C265C8A41005DDA09 /* Frameworks */,
				FEDCBE0D265C8A41005DDA09 /* Resources */,
			);
			buildRules = (
			);
			dependencies = (
				FEDCBE11265C8A41005DDA09 /* PBXTargetDependency */,
			);
			name = Demo1UITests;
			productName = Demo1UITests;
			productReference = FEDCBE0F265C8A41005DDA09 /* Demo1UITests.xctest */;
			productType = "com.apple.product-type.bundle.ui-testing";
		};
/* End PBXNativeTarget section */

/* Begin PBXProject section */
		FEDCBDE1265C8A3E005DDA09 /* Project object */ = {
			isa = PBXProject;
			attributes = {
				LastUpgradeCheck = 1240;
				TargetAttributes = {
					FEDCBDE8265C8A3E005DDA09 = {
						CreatedOnToolsVersion = 12.4;
					};
					FEDCBE03265C8A41005DDA09 = {
						CreatedOnToolsVersion = 12.4;
						TestTargetID = FEDCBDE8265C8A3E005DDA09;
					};
					FEDCBE0E265C8A41005DDA09 = {
						CreatedOnToolsVersion = 12.4;
						TestTargetID = FEDCBDE8265C8A3E005DDA09;
					};
				};
			};
			buildConfigurationList = FEDCBDE4265C8A3E005DDA09 /* Build configuration list for PBXProject "Demo1" */;
			compatibilityVersion = "Xcode 9.3";
			developmentRegion = en;
			hasScannedForEncodings = 0;
			knownRegions = (
				en,
				Base,
			);
			mainGroup = FEDCBDE0265C8A3E005DDA09;
			productRefGroup = FEDCBDEA265C8A3E005DDA09 /* Products */;
			projectDirPath = "";
			projectRoot = "";
			targets = (
				FEDCBDE8265C8A3E005DDA09 /* Demo1 */,
				FEDCBE03265C8A41005DDA09 /* Demo1Tests */,
				FEDCBE0E265C8A41005DDA09 /* Demo1UITests */,
			);
		};
/* End PBXProject section */

/* Begin PBXResourcesBuildPhase section */
		FEDCBDE7265C8A3E005DDA09 /* Resources */ = {
			isa = PBXResourcesBuildPhase;
			buildActionMask = 2147483647;
			files = (
				FEDCBDFC265C8A41005DDA09 /* LaunchScreen.storyboard in Resources */,
				FEDCBDF9265C8A41005DDA09 /* Assets.xcassets in Resources */,
				FEDCBDF7265C8A3E005DDA09 /* Main.storyboard in Resources */,
			);
			runOnlyForDeploymentPostprocessing = 0;
		};
		FEDCBE02265C8A41005DDA09 /* Resources */ = {
			isa = PBXResourcesBuildPhase;
			buildActionMask = 2147483647;
			files = (
			);
			runOnlyForDeploymentPostprocessing = 0;
		};
		FEDCBE0D265C8A41005DDA09 /* Resources */ = {
			isa = PBXResourcesBuildPhase;
			buildActionMask = 2147483647;
			files = (
			);
			runOnlyForDeploymentPostprocessing = 0;
		};
/* End PBXResourcesBuildPhase section */

/* Begin PBXSourcesBuildPhase section */
		FEDCBDE5265C8A3E005DDA09 /* Sources */ = {
			isa = PBXSourcesBuildPhase;
			buildActionMask = 2147483647;
			files = (
				FEDCBDF4265C8A3E005DDA09 /* ViewController.m in Sources */,
				FEDCBDEE265C8A3E005DDA09 /* AppDelegate.m in Sources */,
				FEDCBDFF265C8A41005DDA09 /* main.m in Sources */,
				FEDCBDF1265C8A3E005DDA09 /* SceneDelegate.m in Sources */,
			);
			runOnlyForDeploymentPostprocessing = 0;
		};
		FEDCBE00265C8A41005DDA09 /* Sources */ = {
			isa = PBXSourcesBuildPhase;
			buildActionMask = 2147483647;
			files = (
				FEDCBE09265C8A41005DDA09 /* Demo1Tests.m in Sources */,
			);
			runOnlyForDeploymentPostprocessing = 0;
		};
		FEDCBE0B265C8A41005DDA09 /* Sources */ = {
			isa = PBXSourcesBuildPhase;
			buildActionMask = 2147483647;
			files = (
				FEDCBE14265C8A41005DDA09 /* Demo1UITests.m in Sources */,
			);
			runOnlyForDeploymentPostprocessing = 0;
		};
/* End PBXSourcesBuildPhase section */

/* Begin PBXTargetDependency section */
		FEDCBE06265C8A41005DDA09 /* PBXTargetDependency */ = {
			isa = PBXTargetDependency;
			target = FEDCBDE8265C8A3E005DDA09 /* Demo1 */;
			targetProxy = FEDCBE05265C8A41005DDA09 /* PBXContainerItemProxy */;
		};
		FEDCBE11265C8A41005DDA09 /* PBXTargetDependency */ = {
			isa = PBXTargetDependency;
			target = FEDCBDE8265C8A3E005DDA09 /* Demo1 */;
			targetProxy = FEDCBE10265C8A41005DDA09 /* PBXContainerItemProxy */;
		};
/* End PBXTargetDependency section */

/* Begin PBXVariantGroup section */
		FEDCBDF5265C8A3E005DDA09 /* Main.storyboard */ = {
			isa = PBXVariantGroup;
			children = (
				FEDCBDF6265C8A3E005DDA09 /* Base */,
			);
			name = Main.storyboard;
			sourceTree = "<group>";
		};
		FEDCBDFA265C8A41005DDA09 /* LaunchScreen.storyboard */ = {
			isa = PBXVariantGroup;
			children = (
				FEDCBDFB265C8A41005DDA09 /* Base */,
			);
			name = LaunchScreen.storyboard;
			sourceTree = "<group>";
		};
/* End PBXVariantGroup section */

/* Begin XCBuildConfiguration section */
		FEDCBE16265C8A41005DDA09 /* Debug */ = {
			isa = XCBuildConfiguration;
			buildSettings = {
				ALWAYS_SEARCH_USER_PATHS = NO;
				CLANG_ANALYZER_NONNULL = YES;
				CLANG_ANALYZER_NUMBER_OBJECT_CONVERSION = YES_AGGRESSIVE;
				CLANG_CXX_LANGUAGE_STANDARD = "gnu++14";
				CLANG_CXX_LIBRARY = "libc++";
				CLANG_ENABLE_MODULES = YES;
				CLANG_ENABLE_OBJC_ARC = YES;
				CLANG_ENABLE_OBJC_WEAK = YES;
				CLANG_WARN_BLOCK_CAPTURE_AUTORELEASING = YES;
				CLANG_WARN_BOOL_CONVERSION = YES;
				CLANG_WARN_COMMA = YES;
				CLANG_WARN_CONSTANT_CONVERSION = YES;
				CLANG_WARN_DEPRECATED_OBJC_IMPLEMENTATIONS = YES;
				CLANG_WARN_DIRECT_OBJC_ISA_USAGE = YES_ERROR;
				CLANG_WARN_DOCUMENTATION_COMMENTS = YES;
				CLANG_WARN_EMPTY_BODY = YES;
				CLANG_WARN_ENUM_CONVERSION = YES;
				CLANG_WARN_INFINITE_RECURSION = YES;
				CLANG_WARN_INT_CONVERSION = YES;
				CLANG_WARN_NON_LITERAL_NULL_CONVERSION = YES;
				CLANG_WARN_OBJC_IMPLICIT_RETAIN_SELF = YES;
				CLANG_WARN_OBJC_LITERAL_CONVERSION = YES;
				CLANG_WARN_OBJC_ROOT_CLASS = YES_ERROR;
				CLANG_WARN_QUOTED_INCLUDE_IN_FRAMEWORK_HEADER = YES;
				CLANG_WARN_RANGE_LOOP_ANALYSIS = YES;
				CLANG_WARN_STRICT_PROTOTYPES = YES;
				CLANG_WARN_SUSPICIOUS_MOVE = YES;
				CLANG_WARN_UNGUARDED_AVAILABILITY = YES_AGGRESSIVE;
				CLANG_WARN_UNREACHABLE_CODE = YES;
				CLANG_WARN__DUPLICATE_METHOD_MATCH = YES;
				COPY_PHASE_STRIP = NO;
				DEBUG_INFORMATION_FORMAT = dwarf;
				ENABLE_STRICT_OBJC_MSGSEND = YES;
				ENABLE_TESTABILITY = YES;
				GCC_C_LANGUAGE_STANDARD = gnu11;
				GCC_DYNAMIC_NO_PIC = NO;
				GCC_NO_COMMON_BLOCKS = YES;
				GCC_OPTIMIZATION_LEVEL = 0;
				GCC_PREPROCESSOR_DEFINITIONS = (
					"DEBUG=1",
					"$(inherited)",
				);
				GCC_WARN_64_TO_32_BIT_CONVERSION = YES;
				GCC_WARN_ABOUT_RETURN_TYPE = YES_ERROR;
				GCC_WARN_UNDECLARED_SELECTOR = YES;
				GCC_WARN_UNINITIALIZED_AUTOS = YES_AGGRESSIVE;
				GCC_WARN_UNUSED_FUNCTION = YES;
				GCC_WARN_UNUSED_VARIABLE = YES;
				IPHONEOS_DEPLOYMENT_TARGET = 14.4;
				MTL_ENABLE_DEBUG_INFO = INCLUDE_SOURCE;
				MTL_FAST_MATH = YES;
				ONLY_ACTIVE_ARCH = YES;
				SDKROOT = iphoneos;
			};
			name = Debug;
		};
		FEDCBE17265C8A41005DDA09 /* Release */ = {
			isa = XCBuildConfiguration;
			buildSettings = {
				ALWAYS_SEARCH_USER_PATHS = NO;
				CLANG_ANALYZER_NONNULL = YES;
				CLANG_ANALYZER_NUMBER_OBJECT_CONVERSION = YES_AGGRESSIVE;
				CLANG_CXX_LANGUAGE_STANDARD = "gnu++14";
				CLANG_CXX_LIBRARY = "libc++";
				CLANG_ENABLE_MODULES = YES;
				CLANG_ENABLE_OBJC_ARC = YES;
				CLANG_ENABLE_OBJC_WEAK = YES;
				CLANG_WARN_BLOCK_CAPTURE_AUTORELEASING = YES;
				CLANG_WARN_BOOL_CONVERSION = YES;
				CLANG_WARN_COMMA = YES;
				CLANG_WARN_CONSTANT_CONVERSION = YES;
				CLANG_WARN_DEPRECATED_OBJC_IMPLEMENTATIONS = YES;
				CLANG_WARN_DIRECT_OBJC_ISA_USAGE = YES_ERROR;
				CLANG_WARN_DOCUMENTATION_COMMENTS = YES;
				CLANG_WARN_EMPTY_BODY = YES;
				CLANG_WARN_ENUM_CONVERSION = YES;
				CLANG_WARN_INFINITE_RECURSION = YES;
				CLANG_WARN_INT_CONVERSION = YES;
				CLANG_WARN_NON_LITERAL_NULL_CONVERSION = YES;
				CLANG_WARN_OBJC_IMPLICIT_RETAIN_SELF = YES;
				CLANG_WARN_OBJC_LITERAL_CONVERSION = YES;
				CLANG_WARN_OBJC_ROOT_CLASS = YES_ERROR;
				CLANG_WARN_QUOTED_INCLUDE_IN_FRAMEWORK_HEADER = YES;
				CLANG_WARN_RANGE_LOOP_ANALYSIS = YES;
				CLANG_WARN_STRICT_PROTOTYPES = YES;
				CLANG_WARN_SUSPICIOUS_MOVE = YES;
				CLANG_WARN_UNGUARDED_AVAILABILITY = YES_AGGRESSIVE;
				CLANG_WARN_UNREACHABLE_CODE = YES;
				CLANG_WARN__DUPLICATE_METHOD_MATCH = YES;
				COPY_PHASE_STRIP = NO;
				DEBUG_INFORMATION_FORMAT = "dwarf-with-dsym";
				ENABLE_NS_ASSERTIONS = NO;
				ENABLE_STRICT_OBJC_MSGSEND = YES;
				GCC_C_LANGUAGE_STANDARD = gnu11;
				GCC_NO_COMMON_BLOCKS = YES;
				GCC_WARN_64_TO_32_BIT_CONVERSION = YES;
				GCC_WARN_ABOUT_RETURN_TYPE = YES_ERROR;
				GCC_WARN_UNDECLARED_SELECTOR = YES;
				GCC_WARN_UNINITIALIZED_AUTOS = YES_AGGRESSIVE;
				GCC_WARN_UNUSED_FUNCTION = YES;
				GCC_WARN_UNUSED_VARIABLE = YES;
				IPHONEOS_DEPLOYMENT_TARGET = 14.4;
				MTL_ENABLE_DEBUG_INFO = NO;
				MTL_FAST_MATH = YES;
				SDKROOT = iphoneos;
				VALIDATE_PRODUCT = YES;
			};
			name = Release;
		};
		FEDCBE19265C8A41005DDA09 /* Debug */ = {
			isa = XCBuildConfiguration;
			buildSettings = {
				ASSETCATALOG_COMPILER_APPICON_NAME = AppIcon;
				ASSETCATALOG_COMPILER_GLOBAL_ACCENT_COLOR_NAME = AccentColor;
				CODE_SIGN_STYLE = Automatic;
				DEVELOPMENT_TEAM = 8E8UPALMCK;
				INFOPLIST_FILE = Demo1/Info.plist;
				IPHONEOS_DEPLOYMENT_TARGET = 9.0;
				LD_RUNPATH_SEARCH_PATHS = (
					"$(inherited)",
					"@executable_path/Frameworks",
				);
				PRODUCT_BUNDLE_IDENTIFIER = jone.Demo1;
				PRODUCT_NAME = "$(TARGET_NAME)";
				TARGETED_DEVICE_FAMILY = "1,2";
			};
			name = Debug;
		};
		FEDCBE1A265C8A41005DDA09 /* Release */ = {
			isa = XCBuildConfiguration;
			buildSettings = {
				ASSETCATALOG_COMPILER_APPICON_NAME = AppIcon;
				ASSETCATALOG_COMPILER_GLOBAL_ACCENT_COLOR_NAME = AccentColor;
				CODE_SIGN_STYLE = Automatic;
				DEVELOPMENT_TEAM = 8E8UPALMCK;
				INFOPLIST_FILE = Demo1/Info.plist;
				IPHONEOS_DEPLOYMENT_TARGET = 9.0;
				LD_RUNPATH_SEARCH_PATHS = (
					"$(inherited)",
					"@executable_path/Frameworks",
				);
				PRODUCT_BUNDLE_IDENTIFIER = jone.Demo1;
				PRODUCT_NAME = "$(TARGET_NAME)";
				TARGETED_DEVICE_FAMILY = "1,2";
			};
			name = Release;
		};
		FEDCBE1C265C8A41005DDA09 /* Debug */ = {
			isa = XCBuildConfiguration;
			buildSettings = {
				BUNDLE_LOADER = "$(TEST_HOST)";
				CODE_SIGN_STYLE = Automatic;
				DEVELOPMENT_TEAM = 8E8UPALMCK;
				INFOPLIST_FILE = Demo1Tests/Info.plist;
				IPHONEOS_DEPLOYMENT_TARGET = 14.4;
				LD_RUNPATH_SEARCH_PATHS = (
					"$(inherited)",
					"@executable_path/Frameworks",
					"@loader_path/Frameworks",
				);
				PRODUCT_BUNDLE_IDENTIFIER = jone.Demo1Tests;
				PRODUCT_NAME = "$(TARGET_NAME)";
				TARGETED_DEVICE_FAMILY = "1,2";
				TEST_HOST = "$(BUILT_PRODUCTS_DIR)/Demo1.app/Demo1";
			};
			name = Debug;
		};
		FEDCBE1D265C8A41005DDA09 /* Release */ = {
			isa = XCBuildConfiguration;
			buildSettings = {
				BUNDLE_LOADER = "$(TEST_HOST)";
				CODE_SIGN_STYLE = Automatic;
				DEVELOPMENT_TEAM = 8E8UPALMCK;
				INFOPLIST_FILE = Demo1Tests/Info.plist;
				IPHONEOS_DEPLOYMENT_TARGET = 14.4;
				LD_RUNPATH_SEARCH_PATHS = (
					"$(inherited)",
					"@executable_path/Frameworks",
					"@loader_path/Frameworks",
				);
				PRODUCT_BUNDLE_IDENTIFIER = jone.Demo1Tests;
				PRODUCT_NAME = "$(TARGET_NAME)";
				TARGETED_DEVICE_FAMILY = "1,2";
				TEST_HOST = "$(BUILT_PRODUCTS_DIR)/Demo1.app/Demo1";
			};
			name = Release;
		};
		FEDCBE1F265C8A41005DDA09 /* Debug */ = {
			isa = XCBuildConfiguration;
			buildSettings = {
				CODE_SIGN_STYLE = Automatic;
				DEVELOPMENT_TEAM = 8E8UPALMCK;
				INFOPLIST_FILE = Demo1UITests/Info.plist;
				LD_RUNPATH_SEARCH_PATHS = (
					"$(inherited)",
					"@executable_path/Frameworks",
					"@loader_path/Frameworks",
				);
				PRODUCT_BUNDLE_IDENTIFIER = jone.Demo1UITests;
				PRODUCT_NAME = "$(TARGET_NAME)";
				TARGETED_DEVICE_FAMILY = "1,2";
				TEST_TARGET_NAME = Demo1;
			};
			name = Debug;
		};
		FEDCBE20265C8A41005DDA09 /* Release */ = {
			isa = XCBuildConfiguration;
			buildSettings = {
				CODE_SIGN_STYLE = Automatic;
				DEVELOPMENT_TEAM = 8E8UPALMCK;
				INFOPLIST_FILE = Demo1UITests/Info.plist;
				LD_RUNPATH_SEARCH_PATHS = (
					"$(inherited)",
					"@executable_path/Frameworks",
					"@loader_path/Frameworks",
				);
				PRODUCT_BUNDLE_IDENTIFIER = jone.Demo1UITests;
				PRODUCT_NAME = "$(TARGET_NAME)";
				TARGETED_DEVICE_FAMILY = "1,2";
				TEST_TARGET_NAME = Demo1;
			};
			name = Release;
		};
/* End XCBuildConfiguration section */

/* Begin XCConfigurationList section */
		FEDCBDE4265C8A3E005DDA09 /* Build configuration list for PBXProject "Demo1" */ = {
			isa = XCConfigurationList;
			buildConfigurations = (
				FEDCBE16265C8A41005DDA09 /* Debug */,
				FEDCBE17265C8A41005DDA09 /* Release */,
			);
			defaultConfigurationIsVisible = 0;
			defaultConfigurationName = Release;
		};
		FEDCBE18265C8A41005DDA09 /* Build configuration list for PBXNativeTarget "Demo1" */ = {
			isa = XCConfigurationList;
			buildConfigurations = (
				FEDCBE19265C8A41005DDA09 /* Debug */,
				FEDCBE1A265C8A41005DDA09 /* Release */,
			);
			defaultConfigurationIsVisible = 0;
			defaultConfigurationName = Release;
		};
		FEDCBE1B265C8A41005DDA09 /* Build configuration list for PBXNativeTarget "Demo1Tests" */ = {
			isa = XCConfigurationList;
			buildConfigurations = (
				FEDCBE1C265C8A41005DDA09 /* Debug */,
				FEDCBE1D265C8A41005DDA09 /* Release */,
			);
			defaultConfigurationIsVisible = 0;
			defaultConfigurationName = Release;
		};
		FEDCBE1E265C8A41005DDA09 /* Build configuration list for PBXNativeTarget "Demo1UITests" */ = {
			isa = XCConfigurationList;
			buildConfigurations = (
				FEDCBE1F265C8A41005DDA09 /* Debug */,
				FEDCBE20265C8A41005DDA09 /* Release */,
			);
			defaultConfigurationIsVisible = 0;
			defaultConfigurationName = Release;
		};
/* End XCConfigurationList section */
	};
	rootObject = FEDCBDE1265C8A3E005DDA09 /* Project object */;
}
